
Microsoft Visual Studio Solution File, Format Version 12.00
# Visual Studio Version 17
VisualStudioVersion = 17.6.33815.320
MinimumVisualStudioVersion = 10.0.40219.1
Project("{9A19103F-16F7-4668-BE54-9A1E7A4F7556}") = "Dahua.NetSDK", "Dahua.NetSDK\Dahua.NetSDK.csproj", "{78BD438A-1AAF-47C2-915C-415485701392}"
EndProject
Project("{9A19103F-16F7-4668-BE54-9A1E7A4F7556}") = "Dahua.NetSDK.Sample", "Dahua.NetSDK.Sample\Dahua.NetSDK.Sample.csproj", "{3C794248-85F7-4100-8A83-3343CE7E3874}"
EndProject
Project("{FAE04EC0-301F-11D3-BF4B-00C04F79EFBC}") = "Dahua.NetSDK.Api", "Dahua.NetSDK.Api\Dahua.NetSDK.Api.csproj", "{1BAC7222-64FD-42F5-B69B-21CA4B084042}"
EndProject
Global
	GlobalSection(SolutionConfigurationPlatforms) = preSolution
		Debug|Any CPU = Debug|Any CPU
		Release|Any CPU = Release|Any CPU
	EndGlobalSection
	GlobalSection(ProjectConfigurationPlatforms) = postSolution
		{78BD438A-1AAF-47C2-915C-415485701392}.Debug|Any CPU.ActiveCfg = Debug|Any CPU
		{78BD438A-1AAF-47C2-915C-415485701392}.Debug|Any CPU.Build.0 = Debug|Any CPU
		{78BD438A-1AAF-47C2-915C-415485701392}.Release|Any CPU.ActiveCfg = Release|Any CPU
		{78BD438A-1AAF-47C2-915C-415485701392}.Release|Any CPU.Build.0 = Release|Any CPU
		{3C794248-85F7-4100-8A83-3343CE7E3874}.Debug|Any CPU.ActiveCfg = Debug|Any CPU
		{3C794248-85F7-4100-8A83-3343CE7E3874}.Debug|Any CPU.Build.0 = Debug|Any CPU
		{3C794248-85F7-4100-8A83-3343CE7E3874}.Release|Any CPU.ActiveCfg = Release|Any CPU
		{3C794248-85F7-4100-8A83-3343CE7E3874}.Release|Any CPU.Build.0 = Release|Any CPU
		{1BAC7222-64FD-42F5-B69B-21CA4B084042}.Debug|Any CPU.ActiveCfg = Debug|Any CPU
		{1BAC7222-64FD-42F5-B69B-21CA4B084042}.Debug|Any CPU.Build.0 = Debug|Any CPU
		{1BAC7222-64FD-42F5-B69B-21CA4B084042}.Release|Any CPU.ActiveCfg = Release|Any CPU
		{1BAC7222-64FD-42F5-B69B-21CA4B084042}.Release|Any CPU.Build.0 = Release|Any CPU
	EndGlobalSection
	GlobalSection(SolutionProperties) = preSolution
		HideSolutionNode = FALSE
	EndGlobalSection
	GlobalSection(ExtensibilityGlobals) = postSolution
		SolutionGuid = {A6E65E61-8948-488D-B909-F2531E61D595}
	EndGlobalSection
EndGlobal
